
Microsoft Visual Studio Solution File, Format Version 12.00
# Visual Studio Version 17
VisualStudioVersion = 17.8.34309.116
MinimumVisualStudioVersion = 10.0.40219.1
Project("{FAE04EC0-301F-11D3-BF4B-00C04F79EFBC}") = "IterationStatements", "IterationStatements\IterationStatements.csproj", "{1E6EAB19-A67F-414E-9FF3-F3B97B209767}"
EndProject
Global
	GlobalSection(SolutionConfigurationPlatforms) = preSolution
		Debug|Any CPU = Debug|Any CPU
		Release|Any CPU = Release|Any CPU
	EndGlobalSection
	GlobalSection(ProjectConfigurationPlatforms) = postSolution
		{1E6EAB19-A67F-414E-9FF3-F3B97B209767}.Debug|Any CPU.ActiveCfg = Debug|Any CPU
		{1E6EAB19-A67F-414E-9FF3-F3B97B209767}.Debug|Any CPU.Build.0 = Debug|Any CPU
		{1E6EAB19-A67F-414E-9FF3-F3B97B209767}.Release|Any CPU.ActiveCfg = Release|Any CPU
		{1E6EAB19-A67F-414E-9FF3-F3B97B209767}.Release|Any CPU.Build.0 = Release|Any CPU
	EndGlobalSection
	GlobalSection(SolutionProperties) = preSolution
		HideSolutionNode = FALSE
	EndGlobalSection
	GlobalSection(ExtensibilityGlobals) = postSolution
		SolutionGuid = {A400ADC2-0B20-4636-A00D-10CDB5731961}
	EndGlobalSection
EndGlobal
